// !$*UTF8*$!
{
	archiveVersion = 1;
	classes = {
	};
	objectVersion = 51;
	objects = {

/* Begin PBXBuildFile section */
		8E01A367250F0D15003B375C /* TabBarViewController.swift in Sources */ = {isa = PBXBuildFile; fileRef = 8E01A366250F0D15003B375C /* TabBarViewController.swift */; };
		8E01A369250F110A003B375C /* UIViewController+Extension.swift in Sources */ = {isa = PBXBuildFile; fileRef = 8E01A368250F110A003B375C /* UIViewController+Extension.swift */; };
		8E01A36B250F11B8003B375C /* PeopleModel.swift in Sources */ = {isa = PBXBuildFile; fileRef = 8E01A36A250F11B8003B375C /* PeopleModel.swift */; };
		8E01A36D250F11C2003B375C /* PeopleViewModel.swift in Sources */ = {isa = PBXBuildFile; fileRef = 8E01A36C250F11C2003B375C /* PeopleViewModel.swift */; };
		8E01A370250F11E3003B375C /* PeopleViewController.swift in Sources */ = {isa = PBXBuildFile; fileRef = 8E01A36E250F11E3003B375C /* PeopleViewController.swift */; };
		8E01A371250F11E3003B375C /* PeopleViewController.xib in Resources */ = {isa = PBXBuildFile; fileRef = 8E01A36F250F11E3003B375C /* PeopleViewController.xib */; };
		8E01A375250F3D12003B375C /* ObservableViewController.swift in Sources */ = {isa = PBXBuildFile; fileRef = 8E01A373250F3D12003B375C /* ObservableViewController.swift */; };
		8E01A376250F3D12003B375C /* ObservableViewController.xib in Resources */ = {isa = PBXBuildFile; fileRef = 8E01A374250F3D12003B375C /* ObservableViewController.xib */; };
		8E047B42250A0E7700CA0A2C /* AppDelegate.swift in Sources */ = {isa = PBXBuildFile; fileRef = 8E047B41250A0E7700CA0A2C /* AppDelegate.swift */; };
		8E047B44250A0E7700CA0A2C /* SceneDelegate.swift in Sources */ = {isa = PBXBuildFile; fileRef = 8E047B43250A0E7700CA0A2C /* SceneDelegate.swift */; };
		8E047B46250A0E7700CA0A2C /* ViewController.swift in Sources */ = {isa = PBXBuildFile; fileRef = 8E047B45250A0E7700CA0A2C /* ViewController.swift */; };
		8E047B49250A0E7700CA0A2C /* Main.storyboard in Resources */ = {isa = PBXBuildFile; fileRef = 8E047B47250A0E7700CA0A2C /* Main.storyboard */; };
		8E047B4B250A0E7900CA0A2C /* Assets.xcassets in Resources */ = {isa = PBXBuildFile; fileRef = 8E047B4A250A0E7900CA0A2C /* Assets.xcassets */; };
		8E047B4E250A0E7900CA0A2C /* LaunchScreen.storyboard in Resources */ = {isa = PBXBuildFile; fileRef = 8E047B4C250A0E7900CA0A2C /* LaunchScreen.storyboard */; };
		8E047B55250A0EEB00CA0A2C /* Pods_StudyRxSwift.framework in Frameworks */ = {isa = PBXBuildFile; fileRef = 00CD0FBD66474E5D5551217F /* Pods_StudyRxSwift.framework */; };
		8E047B5A250A0FC500CA0A2C /* Exports.swift in Sources */ = {isa = PBXBuildFile; fileRef = 8E047B59250A0FC500CA0A2C /* Exports.swift */; };
		8E4150192511DC52001E3A64 /* StackViewController.swift in Sources */ = {isa = PBXBuildFile; fileRef = 8E4150172511DC52001E3A64 /* StackViewController.swift */; };
		8E41501A2511DC52001E3A64 /* StackViewController.xib in Resources */ = {isa = PBXBuildFile; fileRef = 8E4150182511DC52001E3A64 /* StackViewController.xib */; };
		8E457700251058580044C30F /* doOnViewController.swift in Sources */ = {isa = PBXBuildFile; fileRef = 8E4576FE251058580044C30F /* doOnViewController.swift */; };
		8E457701251058580044C30F /* doOnViewController.xib in Resources */ = {isa = PBXBuildFile; fileRef = 8E4576FF251058580044C30F /* doOnViewController.xib */; };
		8E45770425105D740044C30F /* ObserverViewController.swift in Sources */ = {isa = PBXBuildFile; fileRef = 8E45770225105D740044C30F /* ObserverViewController.swift */; };
		8E45770525105D740044C30F /* ObserverViewController.xib in Resources */ = {isa = PBXBuildFile; fileRef = 8E45770325105D740044C30F /* ObserverViewController.xib */; };
		8EA5DF46250F6100000CA557 /* Define.swift in Sources */ = {isa = PBXBuildFile; fileRef = 8EA5DF45250F6100000CA557 /* Define.swift */; };
		8EA5DF48250F6361000CA557 /* SubscribeViewController.swift in Sources */ = {isa = PBXBuildFile; fileRef = 8EA5DF47250F6361000CA557 /* SubscribeViewController.swift */; };
		8EBB62BC251890BD004D1176 /* DiffableDataSourceViewController.swift in Sources */ = {isa = PBXBuildFile; fileRef = 8EBB62BA251890BD004D1176 /* DiffableDataSourceViewController.swift */; };
		8EBB62BD251890BD004D1176 /* DiffableDataSourceViewController.xib in Resources */ = {isa = PBXBuildFile; fileRef = 8EBB62BB251890BD004D1176 /* DiffableDataSourceViewController.xib */; };
		8EBB62C125189169004D1176 /* DiffableDataSourceModel.swift in Sources */ = {isa = PBXBuildFile; fileRef = 8EBB62C025189169004D1176 /* DiffableDataSourceModel.swift */; };
/* End PBXBuildFile section */

/* Begin PBXFileReference section */
		00CD0FBD66474E5D5551217F /* Pods_StudyRxSwift.framework */ = {isa = PBXFileReference; explicitFileType = wrapper.framework; includeInIndex = 0; path = Pods_StudyRxSwift.framework; sourceTree = BUILT_PRODUCTS_DIR; };
		10D908E5E071EB5EC54A1A0F /* Pods-StudyRxSwift.debug.xcconfig */ = {isa = PBXFileReference; includeInIndex = 1; lastKnownFileType = text.xcconfig; name = "Pods-StudyRxSwift.debug.xcconfig"; path = "Target Support Files/Pods-StudyRxSwift/Pods-StudyRxSwift.debug.xcconfig"; sourceTree = "<group>"; };
		8E01A366250F0D15003B375C /* TabBarViewController.swift */ = {isa = PBXFileReference; lastKnownFileType = sourcecode.swift; path = TabBarViewController.swift; sourceTree = "<group>"; };
		8E01A368250F110A003B375C /* UIViewController+Extension.swift */ = {isa = PBXFileReference; lastKnownFileType = sourcecode.swift; path = "UIViewController+Extension.swift"; sourceTree = "<group>"; };
		8E01A36A250F11B8003B375C /* PeopleModel.swift */ = {isa = PBXFileReference; lastKnownFileType = sourcecode.swift; path = PeopleModel.swift; sourceTree = "<group>"; };
		8E01A36C250F11C2003B375C /* PeopleViewModel.swift */ = {isa = PBXFileReference; lastKnownFileType = sourcecode.swift; path = PeopleViewModel.swift; sourceTree = "<group>"; };
		8E01A36E250F11E3003B375C /* PeopleViewController.swift */ = {isa = PBXFileReference; lastKnownFileType = sourcecode.swift; path = PeopleViewController.swift; sourceTree = "<group>"; };
		8E01A36F250F11E3003B375C /* PeopleViewController.xib */ = {isa = PBXFileReference; lastKnownFileType = file.xib; path = PeopleViewController.xib; sourceTree = "<group>"; };
		8E01A373250F3D12003B375C /* ObservableViewController.swift */ = {isa = PBXFileReference; lastKnownFileType = sourcecode.swift; path = ObservableViewController.swift; sourceTree = "<group>"; };
		8E01A374250F3D12003B375C /* ObservableViewController.xib */ = {isa = PBXFileReference; lastKnownFileType = file.xib; path = ObservableViewController.xib; sourceTree = "<group>"; };
		8E047B3E250A0E7700CA0A2C /* StudyRxSwift.app */ = {isa = PBXFileReference; explicitFileType = wrapper.application; includeInIndex = 0; path = StudyRxSwift.app; sourceTree = BUILT_PRODUCTS_DIR; };
		8E047B41250A0E7700CA0A2C /* AppDelegate.swift */ = {isa = PBXFileReference; lastKnownFileType = sourcecode.swift; path = AppDelegate.swift; sourceTree = "<group>"; };
		8E047B43250A0E7700CA0A2C /* SceneDelegate.swift */ = {isa = PBXFileReference; lastKnownFileType = sourcecode.swift; path = SceneDelegate.swift; sourceTree = "<group>"; };
		8E047B45250A0E7700CA0A2C /* ViewController.swift */ = {isa = PBXFileReference; lastKnownFileType = sourcecode.swift; path = ViewController.swift; sourceTree = "<group>"; };
		8E047B48250A0E7700CA0A2C /* Base */ = {isa = PBXFileReference; lastKnownFileType = file.storyboard; name = Base; path = Base.lproj/Main.storyboard; sourceTree = "<group>"; };
		8E047B4A250A0E7900CA0A2C /* Assets.xcassets */ = {isa = PBXFileReference; lastKnownFileType = folder.assetcatalog; path = Assets.xcassets; sourceTree = "<group>"; };
		8E047B4D250A0E7900CA0A2C /* Base */ = {isa = PBXFileReference; lastKnownFileType = file.storyboard; name = Base; path = Base.lproj/LaunchScreen.storyboard; sourceTree = "<group>"; };
		8E047B4F250A0E7900CA0A2C /* Info.plist */ = {isa = PBXFileReference; lastKnownFileType = text.plist.xml; path = Info.plist; sourceTree = "<group>"; };
		8E047B59250A0FC500CA0A2C /* Exports.swift */ = {isa = PBXFileReference; lastKnownFileType = sourcecode.swift; path = Exports.swift; sourceTree = "<group>"; };
		8E4150172511DC52001E3A64 /* StackViewController.swift */ = {isa = PBXFileReference; lastKnownFileType = sourcecode.swift; path = StackViewController.swift; sourceTree = "<group>"; };
		8E4150182511DC52001E3A64 /* StackViewController.xib */ = {isa = PBXFileReference; lastKnownFileType = file.xib; path = StackViewController.xib; sourceTree = "<group>"; };
		8E4576FE251058580044C30F /* doOnViewController.swift */ = {isa = PBXFileReference; lastKnownFileType = sourcecode.swift; path = doOnViewController.swift; sourceTree = "<group>"; };
		8E4576FF251058580044C30F /* doOnViewController.xib */ = {isa = PBXFileReference; lastKnownFileType = file.xib; path = doOnViewController.xib; sourceTree = "<group>"; };
		8E45770225105D740044C30F /* ObserverViewController.swift */ = {isa = PBXFileReference; lastKnownFileType = sourcecode.swift; path = ObserverViewController.swift; sourceTree = "<group>"; };
		8E45770325105D740044C30F /* ObserverViewController.xib */ = {isa = PBXFileReference; lastKnownFileType = file.xib; path = ObserverViewController.xib; sourceTree = "<group>"; };
		8EA5DF45250F6100000CA557 /* Define.swift */ = {isa = PBXFileReference; lastKnownFileType = sourcecode.swift; path = Define.swift; sourceTree = "<group>"; };
		8EA5DF47250F6361000CA557 /* SubscribeViewController.swift */ = {isa = PBXFileReference; lastKnownFileType = sourcecode.swift; path = SubscribeViewController.swift; sourceTree = "<group>"; };
		8EBB62BA251890BD004D1176 /* DiffableDataSourceViewController.swift */ = {isa = PBXFileReference; lastKnownFileType = sourcecode.swift; path = DiffableDataSourceViewController.swift; sourceTree = "<group>"; };
		8EBB62BB251890BD004D1176 /* DiffableDataSourceViewController.xib */ = {isa = PBXFileReference; lastKnownFileType = file.xib; path = DiffableDataSourceViewController.xib; sourceTree = "<group>"; };
		8EBB62C025189169004D1176 /* DiffableDataSourceModel.swift */ = {isa = PBXFileReference; lastKnownFileType = sourcecode.swift; path = DiffableDataSourceModel.swift; sourceTree = "<group>"; };
		F2A7F570D22C98B74BF1F9D9 /* Pods-StudyRxSwift.release.xcconfig */ = {isa = PBXFileReference; includeInIndex = 1; lastKnownFileType = text.xcconfig; name = "Pods-StudyRxSwift.release.xcconfig"; path = "Target Support Files/Pods-StudyRxSwift/Pods-StudyRxSwift.release.xcconfig"; sourceTree = "<group>"; };
/* End PBXFileReference section */

/* Begin PBXFrameworksBuildPhase section */
		8E047B3B250A0E7700CA0A2C /* Frameworks */ = {
			isa = PBXFrameworksBuildPhase;
			buildActionMask = 2147483647;
			files = (
				8E047B55250A0EEB00CA0A2C /* Pods_StudyRxSwift.framework in Frameworks */,
			);
			runOnlyForDeploymentPostprocessing = 0;
		};
/* End PBXFrameworksBuildPhase section */

/* Begin PBXGroup section */
		79188D2450A0E2A39F8829E2 /* Pods */ = {
			isa = PBXGroup;
			children = (
				10D908E5E071EB5EC54A1A0F /* Pods-StudyRxSwift.debug.xcconfig */,
				F2A7F570D22C98B74BF1F9D9 /* Pods-StudyRxSwift.release.xcconfig */,
			);
			path = Pods;
			sourceTree = "<group>";
		};
		8E01A365250F0C9B003B375C /* UITableView */ = {
			isa = PBXGroup;
			children = (
				8E01A36A250F11B8003B375C /* PeopleModel.swift */,
				8E01A36C250F11C2003B375C /* PeopleViewModel.swift */,
				8E01A36E250F11E3003B375C /* PeopleViewController.swift */,
				8E01A36F250F11E3003B375C /* PeopleViewController.xib */,
			);
			path = UITableView;
			sourceTree = "<group>";
		};
		8E01A372250F3D04003B375C /* Observable */ = {
			isa = PBXGroup;
			children = (
				8E01A373250F3D12003B375C /* ObservableViewController.swift */,
				8E01A374250F3D12003B375C /* ObservableViewController.xib */,
			);
			path = Observable;
			sourceTree = "<group>";
		};
		8E047B35250A0E7700CA0A2C = {
			isa = PBXGroup;
			children = (
				8E047B40250A0E7700CA0A2C /* StudyRxSwift */,
				8E047B3F250A0E7700CA0A2C /* Products */,
				79188D2450A0E2A39F8829E2 /* Pods */,
				E68298C0384513504E8B2B82 /* Frameworks */,
			);
			sourceTree = "<group>";
		};
		8E047B3F250A0E7700CA0A2C /* Products */ = {
			isa = PBXGroup;
			children = (
				8E047B3E250A0E7700CA0A2C /* StudyRxSwift.app */,
			);
			name = Products;
			sourceTree = "<group>";
		};
		8E047B40250A0E7700CA0A2C /* StudyRxSwift */ = {
			isa = PBXGroup;
			children = (
				8EBB62CA2518A6F9004D1176 /* Extension */,
				8EBB62B9251890A9004D1176 /* DiffableDataSource */,
				8E41501B2511DC58001E3A64 /* StackView */,
				8E45770625105D790044C30F /* Observer */,
				8E4576FD251058490044C30F /* doOn */,
				8EA5DF44250F5D0E000CA557 /* Subscribe */,
				8E01A372250F3D04003B375C /* Observable */,
				8E01A365250F0C9B003B375C /* UITableView */,
				8E047B58250A0FBA00CA0A2C /* Utils */,
				8E047B41250A0E7700CA0A2C /* AppDelegate.swift */,
				8E047B43250A0E7700CA0A2C /* SceneDelegate.swift */,
				8E047B45250A0E7700CA0A2C /* ViewController.swift */,
				8E01A366250F0D15003B375C /* TabBarViewController.swift */,
				8E047B47250A0E7700CA0A2C /* Main.storyboard */,
				8E047B4A250A0E7900CA0A2C /* Assets.xcassets */,
				8E047B4C250A0E7900CA0A2C /* LaunchScreen.storyboard */,
				8E047B4F250A0E7900CA0A2C /* Info.plist */,
			);
			path = StudyRxSwift;
			sourceTree = "<group>";
		};
		8E047B58250A0FBA00CA0A2C /* Utils */ = {
			isa = PBXGroup;
			children = (
				8E047B59250A0FC500CA0A2C /* Exports.swift */,
				8EA5DF45250F6100000CA557 /* Define.swift */,
			);
			path = Utils;
			sourceTree = "<group>";
		};
		8E41501B2511DC58001E3A64 /* StackView */ = {
			isa = PBXGroup;
			children = (
				8E4150172511DC52001E3A64 /* StackViewController.swift */,
				8E4150182511DC52001E3A64 /* StackViewController.xib */,
			);
			path = StackView;
			sourceTree = "<group>";
		};
		8E4576FD251058490044C30F /* doOn */ = {
			isa = PBXGroup;
			children = (
				8E4576FE251058580044C30F /* doOnViewController.swift */,
				8E4576FF251058580044C30F /* doOnViewController.xib */,
			);
			path = doOn;
			sourceTree = "<group>";
		};
		8E45770625105D790044C30F /* Observer */ = {
			isa = PBXGroup;
			children = (
				8E45770225105D740044C30F /* ObserverViewController.swift */,
				8E45770325105D740044C30F /* ObserverViewController.xib */,
			);
			path = Observer;
			sourceTree = "<group>";
		};
		8EA5DF44250F5D0E000CA557 /* Subscribe */ = {
			isa = PBXGroup;
			children = (
				8EA5DF47250F6361000CA557 /* SubscribeViewController.swift */,
			);
			path = Subscribe;
			sourceTree = "<group>";
		};
		8EBB62B9251890A9004D1176 /* DiffableDataSource */ = {
			isa = PBXGroup;
			children = (
				8EBB62BA251890BD004D1176 /* DiffableDataSourceViewController.swift */,
				8EBB62BB251890BD004D1176 /* DiffableDataSourceViewController.xib */,
				8EBB62C025189169004D1176 /* DiffableDataSourceModel.swift */,
			);
			path = DiffableDataSource;
			sourceTree = "<group>";
		};
		8EBB62CA2518A6F9004D1176 /* Extension */ = {
			isa = PBXGroup;
			children = (
				8E01A368250F110A003B375C /* UIViewController+Extension.swift */,
			);
			path = Extension;
			sourceTree = "<group>";
		};
		E68298C0384513504E8B2B82 /* Frameworks */ = {
			isa = PBXGroup;
			children = (
				00CD0FBD66474E5D5551217F /* Pods_StudyRxSwift.framework */,
			);
			name = Frameworks;
			sourceTree = "<group>";
		};
/* End PBXGroup section */

/* Begin PBXNativeTarget section */
		8E047B3D250A0E7700CA0A2C /* StudyRxSwift */ = {
			isa = PBXNativeTarget;
			buildConfigurationList = 8E047B52250A0E7900CA0A2C /* Build configuration list for PBXNativeTarget "StudyRxSwift" */;
			buildPhases = (
				B9CDAA785E10114DB9CADC7F /* [CP] Check Pods Manifest.lock */,
				8E047B3A250A0E7700CA0A2C /* Sources */,
				8E047B3B250A0E7700CA0A2C /* Frameworks */,
				8E047B3C250A0E7700CA0A2C /* Resources */,
				B4EE43FA8C58E0E7465F3727 /* [CP] Embed Pods Frameworks */,
			);
			buildRules = (
			);
			dependencies = (
			);
			name = StudyRxSwift;
			productName = StudyRxSwift;
			productReference = 8E047B3E250A0E7700CA0A2C /* StudyRxSwift.app */;
			productType = "com.apple.product-type.application";
		};
/* End PBXNativeTarget section */

/* Begin PBXProject section */
		8E047B36250A0E7700CA0A2C /* Project object */ = {
			isa = PBXProject;
			attributes = {
				LastSwiftUpdateCheck = 1170;
				LastUpgradeCheck = 1170;
				ORGANIZATIONNAME = "亿龙iOS";
				TargetAttributes = {
					8E047B3D250A0E7700CA0A2C = {
						CreatedOnToolsVersion = 11.7;
					};
				};
			};
			buildConfigurationList = 8E047B39250A0E7700CA0A2C /* Build configuration list for PBXProject "StudyRxSwift" */;
			compatibilityVersion = "Xcode 9.3";
			developmentRegion = en;
			hasScannedForEncodings = 0;
			knownRegions = (
				en,
				Base,
			);
			mainGroup = 8E047B35250A0E7700CA0A2C;
			productRefGroup = 8E047B3F250A0E7700CA0A2C /* Products */;
			projectDirPath = "";
			projectRoot = "";
			targets = (
				8E047B3D250A0E7700CA0A2C /* StudyRxSwift */,
			);
		};
/* End PBXProject section */

/* Begin PBXResourcesBuildPhase section */
		8E047B3C250A0E7700CA0A2C /* Resources */ = {
			isa = PBXResourcesBuildPhase;
			buildActionMask = 2147483647;
			files = (
				8E047B4E250A0E7900CA0A2C /* LaunchScreen.storyboard in Resources */,
				8E01A376250F3D12003B375C /* ObservableViewController.xib in Resources */,
				8E457701251058580044C30F /* doOnViewController.xib in Resources */,
				8EBB62BD251890BD004D1176 /* DiffableDataSourceViewController.xib in Resources */,
				8E45770525105D740044C30F /* ObserverViewController.xib in Resources */,
				8E01A371250F11E3003B375C /* PeopleViewController.xib in Resources */,
				8E047B4B250A0E7900CA0A2C /* Assets.xcassets in Resources */,
				8E41501A2511DC52001E3A64 /* StackViewController.xib in Resources */,
				8E047B49250A0E7700CA0A2C /* Main.storyboard in Resources */,
			);
			runOnlyForDeploymentPostprocessing = 0;
		};
/* End PBXResourcesBuildPhase section */

/* Begin PBXShellScriptBuildPhase section */
		B4EE43FA8C58E0E7465F3727 /* [CP] Embed Pods Frameworks */ = {
			isa = PBXShellScriptBuildPhase;
			buildActionMask = 2147483647;
			files = (
			);
			inputFileListPaths = (
				"${PODS_ROOT}/Target Support Files/Pods-StudyRxSwift/Pods-StudyRxSwift-frameworks-${CONFIGURATION}-input-files.xcfilelist",
			);
			name = "[CP] Embed Pods Frameworks";
			outputFileListPaths = (
				"${PODS_ROOT}/Target Support Files/Pods-StudyRxSwift/Pods-StudyRxSwift-frameworks-${CONFIGURATION}-output-files.xcfilelist",
			);
			runOnlyForDeploymentPostprocessing = 0;
			shellPath = /bin/sh;
			shellScript = "\"${PODS_ROOT}/Target Support Files/Pods-StudyRxSwift/Pods-StudyRxSwift-frameworks.sh\"\n";
			showEnvVarsInLog = 0;
		};
		B9CDAA785E10114DB9CADC7F /* [CP] Check Pods Manifest.lock */ = {
			isa = PBXShellScriptBuildPhase;
			buildActionMask = 2147483647;
			files = (
			);
			inputFileListPaths = (
			);
			inputPaths = (
				"${PODS_PODFILE_DIR_PATH}/Podfile.lock",
				"${PODS_ROOT}/Manifest.lock",
			);
			name = "[CP] Check Pods Manifest.lock";
			outputFileListPaths = (
			);
			outputPaths = (
				"$(DERIVED_FILE_DIR)/Pods-StudyRxSwift-checkManifestLockResult.txt",
			);
			runOnlyForDeploymentPostprocessing = 0;
			shellPath = /bin/sh;
			shellScript = "diff \"${PODS_PODFILE_DIR_PATH}/Podfile.lock\" \"${PODS_ROOT}/Manifest.lock\" > /dev/null\nif [ $? != 0 ] ; then\n    # print error to STDERR\n    echo \"error: The sandbox is not in sync with the Podfile.lock. Run 'pod install' or update your CocoaPods installation.\" >&2\n    exit 1\nfi\n# This output is used by Xcode 'outputs' to avoid re-running this script phase.\necho \"SUCCESS\" > \"${SCRIPT_OUTPUT_FILE_0}\"\n";
			showEnvVarsInLog = 0;
		};
/* End PBXShellScriptBuildPhase section */

/* Begin PBXSourcesBuildPhase section */
		8E047B3A250A0E7700CA0A2C /* Sources */ = {
			isa = PBXSourcesBuildPhase;
			buildActionMask = 2147483647;
			files = (
				8E01A369250F110A003B375C /* UIViewController+Extension.swift in Sources */,
				8E457700251058580044C30F /* doOnViewController.swift in Sources */,
				8E01A36D250F11C2003B375C /* PeopleViewModel.swift in Sources */,
				8E047B46250A0E7700CA0A2C /* ViewController.swift in Sources */,
				8E45770425105D740044C30F /* ObserverViewController.swift in Sources */,
				8E01A375250F3D12003B375C /* ObservableViewController.swift in Sources */,
				8EA5DF46250F6100000CA557 /* Define.swift in Sources */,
				8E047B5A250A0FC500CA0A2C /* Exports.swift in Sources */,
				8EBB62C125189169004D1176 /* DiffableDataSourceModel.swift in Sources */,
				8EBB62BC251890BD004D1176 /* DiffableDataSourceViewController.swift in Sources */,
				8E01A36B250F11B8003B375C /* PeopleModel.swift in Sources */,
				8E01A370250F11E3003B375C /* PeopleViewController.swift in Sources */,
				8E4150192511DC52001E3A64 /* StackViewController.swift in Sources */,
				8E047B42250A0E7700CA0A2C /* AppDelegate.swift in Sources */,
				8EA5DF48250F6361000CA557 /* SubscribeViewController.swift in Sources */,
				8E047B44250A0E7700CA0A2C /* SceneDelegate.swift in Sources */,
				8E01A367250F0D15003B375C /* TabBarViewController.swift in Sources */,
			);
			runOnlyForDeploymentPostprocessing = 0;
		};
/* End PBXSourcesBuildPhase section */

/* Begin PBXVariantGroup section */
		8E047B47250A0E7700CA0A2C /* Main.storyboard */ = {
			isa = PBXVariantGroup;
			children = (
				8E047B48250A0E7700CA0A2C /* Base */,
			);
			name = Main.storyboard;
			sourceTree = "<group>";
		};
		8E047B4C250A0E7900CA0A2C /* LaunchScreen.storyboard */ = {
			isa = PBXVariantGroup;
			children = (
				8E047B4D250A0E7900CA0A2C /* Base */,
			);
			name = LaunchScreen.storyboard;
			sourceTree = "<group>";
		};
/* End PBXVariantGroup section */

/* Begin XCBuildConfiguration section */
		8E047B50250A0E7900CA0A2C /* Debug */ = {
			isa = XCBuildConfiguration;
			buildSettings = {
				ALWAYS_SEARCH_USER_PATHS = NO;
				CLANG_ANALYZER_NONNULL = YES;
				CLANG_ANALYZER_NUMBER_OBJECT_CONVERSION = YES_AGGRESSIVE;
				CLANG_CXX_LANGUAGE_STANDARD = "gnu++14";
				CLANG_CXX_LIBRARY = "libc++";
				CLANG_ENABLE_MODULES = YES;
				CLANG_ENABLE_OBJC_ARC = YES;
				CLANG_ENABLE_OBJC_WEAK = YES;
				CLANG_WARN_BLOCK_CAPTURE_AUTORELEASING = YES;
				CLANG_WARN_BOOL_CONVERSION = YES;
				CLANG_WARN_COMMA = YES;
				CLANG_WARN_CONSTANT_CONVERSION = YES;
				CLANG_WARN_DEPRECATED_OBJC_IMPLEMENTATIONS = YES;
				CLANG_WARN_DIRECT_OBJC_ISA_USAGE = YES_ERROR;
				CLANG_WARN_DOCUMENTATION_COMMENTS = YES;
				CLANG_WARN_EMPTY_BODY = YES;
				CLANG_WARN_ENUM_CONVERSION = YES;
				CLANG_WARN_INFINITE_RECURSION = YES;
				CLANG_WARN_INT_CONVERSION = YES;
				CLANG_WARN_NON_LITERAL_NULL_CONVERSION = YES;
				CLANG_WARN_OBJC_IMPLICIT_RETAIN_SELF = YES;
				CLANG_WARN_OBJC_LITERAL_CONVERSION = YES;
				CLANG_WARN_OBJC_ROOT_CLASS = YES_ERROR;
				CLANG_WARN_RANGE_LOOP_ANALYSIS = YES;
				CLANG_WARN_STRICT_PROTOTYPES = YES;
				CLANG_WARN_SUSPICIOUS_MOVE = YES;
				CLANG_WARN_UNGUARDED_AVAILABILITY = YES_AGGRESSIVE;
				CLANG_WARN_UNREACHABLE_CODE = YES;
				CLANG_WARN__DUPLICATE_METHOD_MATCH = YES;
				COPY_PHASE_STRIP = NO;
				DEBUG_INFORMATION_FORMAT = dwarf;
				ENABLE_STRICT_OBJC_MSGSEND = YES;
				ENABLE_TESTABILITY = YES;
				GCC_C_LANGUAGE_STANDARD = gnu11;
				GCC_DYNAMIC_NO_PIC = NO;
				GCC_NO_COMMON_BLOCKS = YES;
				GCC_OPTIMIZATION_LEVEL = 0;
				GCC_PREPROCESSOR_DEFINITIONS = (
					"DEBUG=1",
					"$(inherited)",
				);
				GCC_WARN_64_TO_32_BIT_CONVERSION = YES;
				GCC_WARN_ABOUT_RETURN_TYPE = YES_ERROR;
				GCC_WARN_UNDECLARED_SELECTOR = YES;
				GCC_WARN_UNINITIALIZED_AUTOS = YES_AGGRESSIVE;
				GCC_WARN_UNUSED_FUNCTION = YES;
				GCC_WARN_UNUSED_VARIABLE = YES;
				IPHONEOS_DEPLOYMENT_TARGET = 13.7;
				MTL_ENABLE_DEBUG_INFO = INCLUDE_SOURCE;
				MTL_FAST_MATH = YES;
				ONLY_ACTIVE_ARCH = YES;
				SDKROOT = iphoneos;
				SWIFT_ACTIVE_COMPILATION_CONDITIONS = DEBUG;
				SWIFT_OPTIMIZATION_LEVEL = "-Onone";
			};
			name = Debug;
		};
		8E047B51250A0E7900CA0A2C /* Release */ = {
			isa = XCBuildConfiguration;
			buildSettings = {
				ALWAYS_SEARCH_USER_PATHS = NO;
				CLANG_ANALYZER_NONNULL = YES;
				CLANG_ANALYZER_NUMBER_OBJECT_CONVERSION = YES_AGGRESSIVE;
				CLANG_CXX_LANGUAGE_STANDARD = "gnu++14";
				CLANG_CXX_LIBRARY = "libc++";
				CLANG_ENABLE_MODULES = YES;
				CLANG_ENABLE_OBJC_ARC = YES;
				CLANG_ENABLE_OBJC_WEAK = YES;
				CLANG_WARN_BLOCK_CAPTURE_AUTORELEASING = YES;
				CLANG_WARN_BOOL_CONVERSION = YES;
				CLANG_WARN_COMMA = YES;
				CLANG_WARN_CONSTANT_CONVERSION = YES;
				CLANG_WARN_DEPRECATED_OBJC_IMPLEMENTATIONS = YES;
				CLANG_WARN_DIRECT_OBJC_ISA_USAGE = YES_ERROR;
				CLANG_WARN_DOCUMENTATION_COMMENTS = YES;
				CLANG_WARN_EMPTY_BODY = YES;
				CLANG_WARN_ENUM_CONVERSION = YES;
				CLANG_WARN_INFINITE_RECURSION = YES;
				CLANG_WARN_INT_CONVERSION = YES;
				CLANG_WARN_NON_LITERAL_NULL_CONVERSION = YES;
				CLANG_WARN_OBJC_IMPLICIT_RETAIN_SELF = YES;
				CLANG_WARN_OBJC_LITERAL_CONVERSION = YES;
				CLANG_WARN_OBJC_ROOT_CLASS = YES_ERROR;
				CLANG_WARN_RANGE_LOOP_ANALYSIS = YES;
				CLANG_WARN_STRICT_PROTOTYPES = YES;
				CLANG_WARN_SUSPICIOUS_MOVE = YES;
				CLANG_WARN_UNGUARDED_AVAILABILITY = YES_AGGRESSIVE;
				CLANG_WARN_UNREACHABLE_CODE = YES;
				CLANG_WARN__DUPLICATE_METHOD_MATCH = YES;
				COPY_PHASE_STRIP = NO;
				DEBUG_INFORMATION_FORMAT = "dwarf-with-dsym";
				ENABLE_NS_ASSERTIONS = NO;
				ENABLE_STRICT_OBJC_MSGSEND = YES;
				GCC_C_LANGUAGE_STANDARD = gnu11;
				GCC_NO_COMMON_BLOCKS = YES;
				GCC_WARN_64_TO_32_BIT_CONVERSION = YES;
				GCC_WARN_ABOUT_RETURN_TYPE = YES_ERROR;
				GCC_WARN_UNDECLARED_SELECTOR = YES;
				GCC_WARN_UNINITIALIZED_AUTOS = YES_AGGRESSIVE;
				GCC_WARN_UNUSED_FUNCTION = YES;
				GCC_WARN_UNUSED_VARIABLE = YES;
				IPHONEOS_DEPLOYMENT_TARGET = 13.7;
				MTL_ENABLE_DEBUG_INFO = NO;
				MTL_FAST_MATH = YES;
				SDKROOT = iphoneos;
				SWIFT_COMPILATION_MODE = wholemodule;
				SWIFT_OPTIMIZATION_LEVEL = "-O";
				VALIDATE_PRODUCT = YES;
			};
			name = Release;
		};
		8E047B53250A0E7900CA0A2C /* Debug */ = {
			isa = XCBuildConfiguration;
			baseConfigurationReference = 10D908E5E071EB5EC54A1A0F /* Pods-StudyRxSwift.debug.xcconfig */;
			buildSettings = {
				ASSETCATALOG_COMPILER_APPICON_NAME = AppIcon;
				CODE_SIGN_STYLE = Automatic;
				DEVELOPMENT_TEAM = SU323Y7ZS7;
				INFOPLIST_FILE = StudyRxSwift/Info.plist;
				LD_RUNPATH_SEARCH_PATHS = (
					"$(inherited)",
					"@executable_path/Frameworks",
				);
				PRODUCT_BUNDLE_IDENTIFIER = com.saintfine.customer.StudyRxSwift;
				PRODUCT_NAME = "$(TARGET_NAME)";
				SWIFT_VERSION = 5.0;
				TARGETED_DEVICE_FAMILY = "1,2";
			};
			name = Debug;
		};
		8E047B54250A0E7900CA0A2C /* Release */ = {
			isa = XCBuildConfiguration;
			baseConfigurationReference = F2A7F570D22C98B74BF1F9D9 /* Pods-StudyRxSwift.release.xcconfig */;
			buildSettings = {
				ASSETCATALOG_COMPILER_APPICON_NAME = AppIcon;
				CODE_SIGN_STYLE = Automatic;
				DEVELOPMENT_TEAM = SU323Y7ZS7;
				INFOPLIST_FILE = StudyRxSwift/Info.plist;
				LD_RUNPATH_SEARCH_PATHS = (
					"$(inherited)",
					"@executable_path/Frameworks",
				);
				PRODUCT_BUNDLE_IDENTIFIER = com.saintfine.customer.StudyRxSwift;
				PRODUCT_NAME = "$(TARGET_NAME)";
				SWIFT_VERSION = 5.0;
				TARGETED_DEVICE_FAMILY = "1,2";
			};
			name = Release;
		};
/* End XCBuildConfiguration section */

/* Begin XCConfigurationList section */
		8E047B39250A0E7700CA0A2C /* Build configuration list for PBXProject "StudyRxSwift" */ = {
			isa = XCConfigurationList;
			buildConfigurations = (
				8E047B50250A0E7900CA0A2C /* Debug */,
				8E047B51250A0E7900CA0A2C /* Release */,
			);
			defaultConfigurationIsVisible = 0;
			defaultConfigurationName = Release;
		};
		8E047B52250A0E7900CA0A2C /* Build configuration list for PBXNativeTarget "StudyRxSwift" */ = {
			isa = XCConfigurationList;
			buildConfigurations = (
				8E047B53250A0E7900CA0A2C /* Debug */,
				8E047B54250A0E7900CA0A2C /* Release */,
			);
			defaultConfigurationIsVisible = 0;
			defaultConfigurationName = Release;
		};
/* End XCConfigurationList section */
	};
	rootObject = 8E047B36250A0E7700CA0A2C /* Project object */;
}
